
Microsoft Visual Studio Solution File, Format Version 12.00
# Visual Studio Version 17
VisualStudioVersion = 17.0.31903.59
MinimumVisualStudioVersion = 10.0.40219.1
Project("{FAE04EC0-301F-11D3-BF4B-00C04F79EFBC}") = "Factory_Method_Design_Pattern", "Factory_Method_Design_Pattern\Factory_Method_Design_Pattern.csproj", "{CE944C07-26BB-4545-B4A9-06486F75A22B}"
EndProject
Project("{FAE04EC0-301F-11D3-BF4B-00C04F79EFBC}") = "Abstract_Factory_Design_Pattern", "Abstract_Factory_Design_Pattern\Abstract_Factory_Design_Pattern.csproj", "{42B8D8A0-C7E3-43F0-BBC6-0FF83732AAFF}"
EndProject
Project("{FAE04EC0-301F-11D3-BF4B-00C04F79EFBC}") = "Builder_Design_Pattern", "Builder_Design_Pattern\Builder_Design_Pattern.csproj", "{DABB0E83-3304-4254-84D6-BE2E48E69B36}"
EndProject
Global
	GlobalSection(SolutionConfigurationPlatforms) = preSolution
		Debug|Any CPU = Debug|Any CPU
		Release|Any CPU = Release|Any CPU
	EndGlobalSection
	GlobalSection(ProjectConfigurationPlatforms) = postSolution
		{CE944C07-26BB-4545-B4A9-06486F75A22B}.Debug|Any CPU.ActiveCfg = Debug|Any CPU
		{CE944C07-26BB-4545-B4A9-06486F75A22B}.Debug|Any CPU.Build.0 = Debug|Any CPU
		{CE944C07-26BB-4545-B4A9-06486F75A22B}.Release|Any CPU.ActiveCfg = Release|Any CPU
		{CE944C07-26BB-4545-B4A9-06486F75A22B}.Release|Any CPU.Build.0 = Release|Any CPU
		{42B8D8A0-C7E3-43F0-BBC6-0FF83732AAFF}.Debug|Any CPU.ActiveCfg = Debug|Any CPU
		{42B8D8A0-C7E3-43F0-BBC6-0FF83732AAFF}.Debug|Any CPU.Build.0 = Debug|Any CPU
		{42B8D8A0-C7E3-43F0-BBC6-0FF83732AAFF}.Release|Any CPU.ActiveCfg = Release|Any CPU
		{42B8D8A0-C7E3-43F0-BBC6-0FF83732AAFF}.Release|Any CPU.Build.0 = Release|Any CPU
		{DABB0E83-3304-4254-84D6-BE2E48E69B36}.Debug|Any CPU.ActiveCfg = Debug|Any CPU
		{DABB0E83-3304-4254-84D6-BE2E48E69B36}.Debug|Any CPU.Build.0 = Debug|Any CPU
		{DABB0E83-3304-4254-84D6-BE2E48E69B36}.Release|Any CPU.ActiveCfg = Release|Any CPU
		{DABB0E83-3304-4254-84D6-BE2E48E69B36}.Release|Any CPU.Build.0 = Release|Any CPU
	EndGlobalSection
	GlobalSection(SolutionProperties) = preSolution
		HideSolutionNode = FALSE
	EndGlobalSection
	GlobalSection(ExtensibilityGlobals) = postSolution
		SolutionGuid = {E71EADF5-9B44-4780-8AFE-047CFBC89122}
	EndGlobalSection
EndGlobal
